// !$*UTF8*$!
{
	archiveVersion = 1;
	classes = {
	};
	objectVersion = 46;
	objects = {

/* Begin PBXBuildFile section */
		7C0BF1E51D196ABA00A6F09B /* test.json in Resources */ = {isa = PBXBuildFile; fileRef = 7C0BF1E41D196ABA00A6F09B /* test.json */; };
		7C2326BC1D1BFF9400F53A10 /* ProductTableViewCell.swift in Sources */ = {isa = PBXBuildFile; fileRef = 7C2326BB1D1BFF9400F53A10 /* ProductTableViewCell.swift */; };
		7C4E8FF51D1E9D8B0002BAC2 /* Product.swift in Sources */ = {isa = PBXBuildFile; fileRef = 7C4E8FF41D1E9D8B0002BAC2 /* Product.swift */; };
		7C57F9C41D16FED300E69600 /* VegetablesByMonths.json in Resources */ = {isa = PBXBuildFile; fileRef = 7C57F9C31D16FED200E69600 /* VegetablesByMonths.json */; };
		7CD3D70F1D019A340095299D /* AppDelegate.swift in Sources */ = {isa = PBXBuildFile; fileRef = 7CD3D70E1D019A340095299D /* AppDelegate.swift */; };
		7CD3D7111D019A340095299D /* ProductsViewController.swift in Sources */ = {isa = PBXBuildFile; fileRef = 7CD3D7101D019A340095299D /* ProductsViewController.swift */; };
		7CD3D7131D019A340095299D /* ListViewController.swift in Sources */ = {isa = PBXBuildFile; fileRef = 7CD3D7121D019A340095299D /* ListViewController.swift */; };
		7CD3D7161D019A340095299D /* Main.storyboard in Resources */ = {isa = PBXBuildFile; fileRef = 7CD3D7141D019A340095299D /* Main.storyboard */; };
		7CD3D7181D019A340095299D /* Assets.xcassets in Resources */ = {isa = PBXBuildFile; fileRef = 7CD3D7171D019A340095299D /* Assets.xcassets */; };
		7CD3D71B1D019A340095299D /* LaunchScreen.storyboard in Resources */ = {isa = PBXBuildFile; fileRef = 7CD3D7191D019A340095299D /* LaunchScreen.storyboard */; };
		7CD3D7261D019A340095299D /* GroceriesListManagerTests.swift in Sources */ = {isa = PBXBuildFile; fileRef = 7CD3D7251D019A340095299D /* GroceriesListManagerTests.swift */; };
		7CD3D7311D019A340095299D /* GroceriesListManagerUITests.swift in Sources */ = {isa = PBXBuildFile; fileRef = 7CD3D7301D019A340095299D /* GroceriesListManagerUITests.swift */; };
/* End PBXBuildFile section */

/* Begin PBXContainerItemProxy section */
		7CD3D7221D019A340095299D /* PBXContainerItemProxy */ = {
			isa = PBXContainerItemProxy;
			containerPortal = 7CD3D7031D019A340095299D /* Project object */;
			proxyType = 1;
			remoteGlobalIDString = 7CD3D70A1D019A340095299D;
			remoteInfo = GroceriesListManager;
		};
		7CD3D72D1D019A340095299D /* PBXContainerItemProxy */ = {
			isa = PBXContainerItemProxy;
			containerPortal = 7CD3D7031D019A340095299D /* Project object */;
			proxyType = 1;
			remoteGlobalIDString = 7CD3D70A1D019A340095299D;
			remoteInfo = GroceriesListManager;
		};
/* End PBXContainerItemProxy section */

/* Begin PBXFileReference section */
		7C0BF1E41D196ABA00A6F09B /* test.json */ = {isa = PBXFileReference; fileEncoding = 4; lastKnownFileType = text.json; path = test.json; sourceTree = "<group>"; };
		7C2326BB1D1BFF9400F53A10 /* ProductTableViewCell.swift */ = {isa = PBXFileReference; fileEncoding = 4; lastKnownFileType = sourcecode.swift; path = ProductTableViewCell.swift; sourceTree = "<group>"; };
		7C4E8FF41D1E9D8B0002BAC2 /* Product.swift */ = {isa = PBXFileReference; fileEncoding = 4; lastKnownFileType = sourcecode.swift; path = Product.swift; sourceTree = "<group>"; };
		7C57F9C31D16FED200E69600 /* VegetablesByMonths.json */ = {isa = PBXFileReference; explicitFileType = text.json; fileEncoding = 4; path = VegetablesByMonths.json; sourceTree = "<group>"; xcLanguageSpecificationIdentifier = xcode.lang.javascript; };
		7CD3D70B1D019A340095299D /* GroceriesListManager.app */ = {isa = PBXFileReference; explicitFileType = wrapper.application; includeInIndex = 0; path = GroceriesListManager.app; sourceTree = BUILT_PRODUCTS_DIR; };
		7CD3D70E1D019A340095299D /* AppDelegate.swift */ = {isa = PBXFileReference; lastKnownFileType = sourcecode.swift; path = AppDelegate.swift; sourceTree = "<group>"; };
		7CD3D7101D019A340095299D /* ProductsViewController.swift */ = {isa = PBXFileReference; lastKnownFileType = sourcecode.swift; path = ProductsViewController.swift; sourceTree = "<group>"; };
		7CD3D7121D019A340095299D /* ListViewController.swift */ = {isa = PBXFileReference; lastKnownFileType = sourcecode.swift; path = ListViewController.swift; sourceTree = "<group>"; };
		7CD3D7151D019A340095299D /* Base */ = {isa = PBXFileReference; lastKnownFileType = file.storyboard; name = Base; path = Base.lproj/Main.storyboard; sourceTree = "<group>"; };
		7CD3D7171D019A340095299D /* Assets.xcassets */ = {isa = PBXFileReference; lastKnownFileType = folder.assetcatalog; path = Assets.xcassets; sourceTree = "<group>"; };
		7CD3D71A1D019A340095299D /* Base */ = {isa = PBXFileReference; lastKnownFileType = file.storyboard; name = Base; path = Base.lproj/LaunchScreen.storyboard; sourceTree = "<group>"; };
		7CD3D71C1D019A340095299D /* Info.plist */ = {isa = PBXFileReference; lastKnownFileType = text.plist.xml; path = Info.plist; sourceTree = "<group>"; };
		7CD3D7211D019A340095299D /* GroceriesListManagerTests.xctest */ = {isa = PBXFileReference; explicitFileType = wrapper.cfbundle; includeInIndex = 0; path = GroceriesListManagerTests.xctest; sourceTree = BUILT_PRODUCTS_DIR; };
		7CD3D7251D019A340095299D /* GroceriesListManagerTests.swift */ = {isa = PBXFileReference; lastKnownFileType = sourcecode.swift; path = GroceriesListManagerTests.swift; sourceTree = "<group>"; };
		7CD3D7271D019A340095299D /* Info.plist */ = {isa = PBXFileReference; lastKnownFileType = text.plist.xml; path = Info.plist; sourceTree = "<group>"; };
		7CD3D72C1D019A340095299D /* GroceriesListManagerUITests.xctest */ = {isa = PBXFileReference; explicitFileType = wrapper.cfbundle; includeInIndex = 0; path = GroceriesListManagerUITests.xctest; sourceTree = BUILT_PRODUCTS_DIR; };
		7CD3D7301D019A340095299D /* GroceriesListManagerUITests.swift */ = {isa = PBXFileReference; lastKnownFileType = sourcecode.swift; path = GroceriesListManagerUITests.swift; sourceTree = "<group>"; };
		7CD3D7321D019A340095299D /* Info.plist */ = {isa = PBXFileReference; lastKnownFileType = text.plist.xml; path = Info.plist; sourceTree = "<group>"; };
/* End PBXFileReference section */

/* Begin PBXFrameworksBuildPhase section */
		7CD3D7081D019A340095299D /* Frameworks */ = {
			isa = PBXFrameworksBuildPhase;
			buildActionMask = 2147483647;
			files = (
			);
			runOnlyForDeploymentPostprocessing = 0;
		};
		7CD3D71E1D019A340095299D /* Frameworks */ = {
			isa = PBXFrameworksBuildPhase;
			buildActionMask = 2147483647;
			files = (
			);
			runOnlyForDeploymentPostprocessing = 0;
		};
		7CD3D7291D019A340095299D /* Frameworks */ = {
			isa = PBXFrameworksBuildPhase;
			buildActionMask = 2147483647;
			files = (
			);
			runOnlyForDeploymentPostprocessing = 0;
		};
/* End PBXFrameworksBuildPhase section */

/* Begin PBXGroup section */
		7C57F9C21D16FEBC00E69600 /* resources */ = {
			isa = PBXGroup;
			children = (
				7C57F9C31D16FED200E69600 /* VegetablesByMonths.json */,
				7C0BF1E41D196ABA00A6F09B /* test.json */,
			);
			path = resources;
			sourceTree = "<group>";
		};
		7CD3D7021D019A340095299D = {
			isa = PBXGroup;
			children = (
				7CD3D70D1D019A340095299D /* GroceriesListManager */,
				7CD3D7241D019A340095299D /* GroceriesListManagerTests */,
				7CD3D72F1D019A340095299D /* GroceriesListManagerUITests */,
				7CD3D70C1D019A340095299D /* Products */,
			);
			sourceTree = "<group>";
		};
		7CD3D70C1D019A340095299D /* Products */ = {
			isa = PBXGroup;
			children = (
				7CD3D70B1D019A340095299D /* GroceriesListManager.app */,
				7CD3D7211D019A340095299D /* GroceriesListManagerTests.xctest */,
				7CD3D72C1D019A340095299D /* GroceriesListManagerUITests.xctest */,
			);
			name = Products;
			sourceTree = "<group>";
		};
		7CD3D70D1D019A340095299D /* GroceriesListManager */ = {
			isa = PBXGroup;
			children = (
				7C57F9C21D16FEBC00E69600 /* resources */,
				7CD3D70E1D019A340095299D /* AppDelegate.swift */,
				7C2326BB1D1BFF9400F53A10 /* ProductTableViewCell.swift */,
				7CD3D7101D019A340095299D /* ProductsViewController.swift */,
				7CD3D7121D019A340095299D /* ListViewController.swift */,
				7CD3D7141D019A340095299D /* Main.storyboard */,
				7C4E8FF41D1E9D8B0002BAC2 /* Product.swift */,
				7CD3D7171D019A340095299D /* Assets.xcassets */,
				7CD3D7191D019A340095299D /* LaunchScreen.storyboard */,
				7CD3D71C1D019A340095299D /* Info.plist */,
			);
			path = GroceriesListManager;
			sourceTree = "<group>";
		};
		7CD3D7241D019A340095299D /* GroceriesListManagerTests */ = {
			isa = PBXGroup;
			children = (
				7CD3D7251D019A340095299D /* GroceriesListManagerTests.swift */,
				7CD3D7271D019A340095299D /* Info.plist */,
			);
			path = GroceriesListManagerTests;
			sourceTree = "<group>";
		};
		7CD3D72F1D019A340095299D /* GroceriesListManagerUITests */ = {
			isa = PBXGroup;
			children = (
				7CD3D7301D019A340095299D /* GroceriesListManagerUITests.swift */,
				7CD3D7321D019A340095299D /* Info.plist */,
			);
			path = GroceriesListManagerUITests;
			sourceTree = "<group>";
		};
/* End PBXGroup section */

/* Begin PBXNativeTarget section */
		7CD3D70A1D019A340095299D /* GroceriesListManager */ = {
			isa = PBXNativeTarget;
			buildConfigurationList = 7CD3D7351D019A340095299D /* Build configuration list for PBXNativeTarget "GroceriesListManager" */;
			buildPhases = (
				7CD3D7071D019A340095299D /* Sources */,
				7CD3D7081D019A340095299D /* Frameworks */,
				7CD3D7091D019A340095299D /* Resources */,
			);
			buildRules = (
			);
			dependencies = (
			);
			name = GroceriesListManager;
			productName = GroceriesListManager;
			productReference = 7CD3D70B1D019A340095299D /* GroceriesListManager.app */;
			productType = "com.apple.product-type.application";
		};
		7CD3D7201D019A340095299D /* GroceriesListManagerTests */ = {
			isa = PBXNativeTarget;
			buildConfigurationList = 7CD3D7381D019A340095299D /* Build configuration list for PBXNativeTarget "GroceriesListManagerTests" */;
			buildPhases = (
				7CD3D71D1D019A340095299D /* Sources */,
				7CD3D71E1D019A340095299D /* Frameworks */,
				7CD3D71F1D019A340095299D /* Resources */,
			);
			buildRules = (
			);
			dependencies = (
				7CD3D7231D019A340095299D /* PBXTargetDependency */,
			);
			name = GroceriesListManagerTests;
			productName = GroceriesListManagerTests;
			productReference = 7CD3D7211D019A340095299D /* GroceriesListManagerTests.xctest */;
			productType = "com.apple.product-type.bundle.unit-test";
		};
		7CD3D72B1D019A340095299D /* GroceriesListManagerUITests */ = {
			isa = PBXNativeTarget;
			buildConfigurationList = 7CD3D73B1D019A340095299D /* Build configuration list for PBXNativeTarget "GroceriesListManagerUITests" */;
			buildPhases = (
				7CD3D7281D019A340095299D /* Sources */,
				7CD3D7291D019A340095299D /* Frameworks */,
				7CD3D72A1D019A340095299D /* Resources */,
			);
			buildRules = (
			);
			dependencies = (
				7CD3D72E1D019A340095299D /* PBXTargetDependency */,
			);
			name = GroceriesListManagerUITests;
			productName = GroceriesListManagerUITests;
			productReference = 7CD3D72C1D019A340095299D /* GroceriesListManagerUITests.xctest */;
			productType = "com.apple.product-type.bundle.ui-testing";
		};
/* End PBXNativeTarget section */

/* Begin PBXProject section */
		7CD3D7031D019A340095299D /* Project object */ = {
			isa = PBXProject;
			attributes = {
				LastSwiftUpdateCheck = 0730;
				LastUpgradeCheck = 0800;
				ORGANIZATIONNAME = Thunderkerrigan;
				TargetAttributes = {
					7CD3D70A1D019A340095299D = {
						CreatedOnToolsVersion = 7.3.1;
						DevelopmentTeam = 754EQ9JD9P;
						DevelopmentTeamName = "Joseph Pasqualini (Personal Team)";
						LastSwiftMigration = 0800;
					};
					7CD3D7201D019A340095299D = {
						CreatedOnToolsVersion = 7.3.1;
						LastSwiftMigration = 0800;
						TestTargetID = 7CD3D70A1D019A340095299D;
					};
					7CD3D72B1D019A340095299D = {
						CreatedOnToolsVersion = 7.3.1;
						LastSwiftMigration = 0800;
						TestTargetID = 7CD3D70A1D019A340095299D;
					};
				};
			};
			buildConfigurationList = 7CD3D7061D019A340095299D /* Build configuration list for PBXProject "GroceriesListManager" */;
			compatibilityVersion = "Xcode 3.2";
			developmentRegion = English;
			hasScannedForEncodings = 0;
			knownRegions = (
				en,
				Base,
			);
			mainGroup = 7CD3D7021D019A340095299D;
			productRefGroup = 7CD3D70C1D019A340095299D /* Products */;
			projectDirPath = "";
			projectRoot = "";
			targets = (
				7CD3D70A1D019A340095299D /* GroceriesListManager */,
				7CD3D7201D019A340095299D /* GroceriesListManagerTests */,
				7CD3D72B1D019A340095299D /* GroceriesListManagerUITests */,
			);
		};
/* End PBXProject section */

/* Begin PBXResourcesBuildPhase section */
		7CD3D7091D019A340095299D /* Resources */ = {
			isa = PBXResourcesBuildPhase;
			buildActionMask = 2147483647;
			files = (
				7C57F9C41D16FED300E69600 /* VegetablesByMonths.json in Resources */,
				7CD3D71B1D019A340095299D /* LaunchScreen.storyboard in Resources */,
				7C0BF1E51D196ABA00A6F09B /* test.json in Resources */,
				7CD3D7181D019A340095299D /* Assets.xcassets in Resources */,
				7CD3D7161D019A340095299D /* Main.storyboard in Resources */,
			);
			runOnlyForDeploymentPostprocessing = 0;
		};
		7CD3D71F1D019A340095299D /* Resources */ = {
			isa = PBXResourcesBuildPhase;
			buildActionMask = 2147483647;
			files = (
			);
			runOnlyForDeploymentPostprocessing = 0;
		};
		7CD3D72A1D019A340095299D /* Resources */ = {
			isa = PBXResourcesBuildPhase;
			buildActionMask = 2147483647;
			files = (
			);
			runOnlyForDeploymentPostprocessing = 0;
		};
/* End PBXResourcesBuildPhase section */

/* Begin PBXSourcesBuildPhase section */
		7CD3D7071D019A340095299D /* Sources */ = {
			isa = PBXSourcesBuildPhase;
			buildActionMask = 2147483647;
			files = (
				7CD3D7131D019A340095299D /* ListViewController.swift in Sources */,
				7C2326BC1D1BFF9400F53A10 /* ProductTableViewCell.swift in Sources */,
				7C4E8FF51D1E9D8B0002BAC2 /* Product.swift in Sources */,
				7CD3D70F1D019A340095299D /* AppDelegate.swift in Sources */,
				7CD3D7111D019A340095299D /* ProductsViewController.swift in Sources */,
			);
			runOnlyForDeploymentPostprocessing = 0;
		};
		7CD3D71D1D019A340095299D /* Sources */ = {
			isa = PBXSourcesBuildPhase;
			buildActionMask = 2147483647;
			files = (
				7CD3D7261D019A340095299D /* GroceriesListManagerTests.swift in Sources */,
			);
			runOnlyForDeploymentPostprocessing = 0;
		};
		7CD3D7281D019A340095299D /* Sources */ = {
			isa = PBXSourcesBuildPhase;
			buildActionMask = 2147483647;
			files = (
				7CD3D7311D019A340095299D /* GroceriesListManagerUITests.swift in Sources */,
			);
			runOnlyForDeploymentPostprocessing = 0;
		};
/* End PBXSourcesBuildPhase section */

/* Begin PBXTargetDependency section */
		7CD3D7231D019A340095299D /* PBXTargetDependency */ = {
			isa = PBXTargetDependency;
			target = 7CD3D70A1D019A340095299D /* GroceriesListManager */;
			targetProxy = 7CD3D7221D019A340095299D /* PBXContainerItemProxy */;
		};
		7CD3D72E1D019A340095299D /* PBXTargetDependency */ = {
			isa = PBXTargetDependency;
			target = 7CD3D70A1D019A340095299D /* GroceriesListManager */;
			targetProxy = 7CD3D72D1D019A340095299D /* PBXContainerItemProxy */;
		};
/* End PBXTargetDependency section */

/* Begin PBXVariantGroup section */
		7CD3D7141D019A340095299D /* Main.storyboard */ = {
			isa = PBXVariantGroup;
			children = (
				7CD3D7151D019A340095299D /* Base */,
			);
			name = Main.storyboard;
			sourceTree = "<group>";
		};
		7CD3D7191D019A340095299D /* LaunchScreen.storyboard */ = {
			isa = PBXVariantGroup;
			children = (
				7CD3D71A1D019A340095299D /* Base */,
			);
			name = LaunchScreen.storyboard;
			sourceTree = "<group>";
		};
/* End PBXVariantGroup section */

/* Begin XCBuildConfiguration section */
		7CD3D7331D019A340095299D /* Debug */ = {
			isa = XCBuildConfiguration;
			buildSettings = {
				ALWAYS_SEARCH_USER_PATHS = NO;
				CLANG_ANALYZER_NONNULL = YES;
				CLANG_CXX_LANGUAGE_STANDARD = "gnu++0x";
				CLANG_CXX_LIBRARY = "libc++";
				CLANG_ENABLE_MODULES = YES;
				CLANG_ENABLE_OBJC_ARC = YES;
				CLANG_WARN_BOOL_CONVERSION = YES;
				CLANG_WARN_CONSTANT_CONVERSION = YES;
				CLANG_WARN_DIRECT_OBJC_ISA_USAGE = YES_ERROR;
				CLANG_WARN_EMPTY_BODY = YES;
				CLANG_WARN_ENUM_CONVERSION = YES;
				CLANG_WARN_INT_CONVERSION = YES;
				CLANG_WARN_OBJC_ROOT_CLASS = YES_ERROR;
				CLANG_WARN_UNREACHABLE_CODE = YES;
				CLANG_WARN__DUPLICATE_METHOD_MATCH = YES;
				"CODE_SIGN_IDENTITY[sdk=iphoneos*]" = "iPhone Developer";
				COPY_PHASE_STRIP = NO;
				DEBUG_INFORMATION_FORMAT = dwarf;
				ENABLE_STRICT_OBJC_MSGSEND = YES;
				ENABLE_TESTABILITY = YES;
				GCC_C_LANGUAGE_STANDARD = gnu99;
				GCC_DYNAMIC_NO_PIC = NO;
				GCC_NO_COMMON_BLOCKS = YES;
				GCC_OPTIMIZATION_LEVEL = 0;
				GCC_PREPROCESSOR_DEFINITIONS = (
					"DEBUG=1",
					"$(inherited)",
				);
				GCC_WARN_64_TO_32_BIT_CONVERSION = YES;
				GCC_WARN_ABOUT_RETURN_TYPE = YES_ERROR;
				GCC_WARN_UNDECLARED_SELECTOR = YES;
				GCC_WARN_UNINITIALIZED_AUTOS = YES_AGGRESSIVE;
				GCC_WARN_UNUSED_FUNCTION = YES;
				GCC_WARN_UNUSED_VARIABLE = YES;
				IPHONEOS_DEPLOYMENT_TARGET = 9.3;
				MTL_ENABLE_DEBUG_INFO = YES;
				ONLY_ACTIVE_ARCH = YES;
				SDKROOT = iphoneos;
				SWIFT_OPTIMIZATION_LEVEL = "-Onone";
				TARGETED_DEVICE_FAMILY = "1,2";
			};
			name = Debug;
		};
		7CD3D7341D019A340095299D /* Release */ = {
			isa = XCBuildConfiguration;
			buildSettings = {
				ALWAYS_SEARCH_USER_PATHS = NO;
				CLANG_ANALYZER_NONNULL = YES;
				CLANG_CXX_LANGUAGE_STANDARD = "gnu++0x";
				CLANG_CXX_LIBRARY = "libc++";
				CLANG_ENABLE_MODULES = YES;
				CLANG_ENABLE_OBJC_ARC = YES;
				CLANG_WARN_BOOL_CONVERSION = YES;
				CLANG_WARN_CONSTANT_CONVERSION = YES;
				CLANG_WARN_DIRECT_OBJC_ISA_USAGE = YES_ERROR;
				CLANG_WARN_EMPTY_BODY = YES;
				CLANG_WARN_ENUM_CONVERSION = YES;
				CLANG_WARN_INT_CONVERSION = YES;
				CLANG_WARN_OBJC_ROOT_CLASS = YES_ERROR;
				CLANG_WARN_UNREACHABLE_CODE = YES;
				CLANG_WARN__DUPLICATE_METHOD_MATCH = YES;
				"CODE_SIGN_IDENTITY[sdk=iphoneos*]" = "iPhone Developer";
				COPY_PHASE_STRIP = NO;
				DEBUG_INFORMATION_FORMAT = "dwarf-with-dsym";
				ENABLE_NS_ASSERTIONS = NO;
				ENABLE_STRICT_OBJC_MSGSEND = YES;
				GCC_C_LANGUAGE_STANDARD = gnu99;
				GCC_NO_COMMON_BLOCKS = YES;
				GCC_WARN_64_TO_32_BIT_CONVERSION = YES;
				GCC_WARN_ABOUT_RETURN_TYPE = YES_ERROR;
				GCC_WARN_UNDECLARED_SELECTOR = YES;
				GCC_WARN_UNINITIALIZED_AUTOS = YES_AGGRESSIVE;
				GCC_WARN_UNUSED_FUNCTION = YES;
				GCC_WARN_UNUSED_VARIABLE = YES;
				IPHONEOS_DEPLOYMENT_TARGET = 9.3;
				MTL_ENABLE_DEBUG_INFO = NO;
				SDKROOT = iphoneos;
				TARGETED_DEVICE_FAMILY = "1,2";
				VALIDATE_PRODUCT = YES;
			};
			name = Release;
		};
		7CD3D7361D019A340095299D /* Debug */ = {
			isa = XCBuildConfiguration;
			buildSettings = {
				ASSETCATALOG_COMPILER_APPICON_NAME = AppIcon;
				INFOPLIST_FILE = GroceriesListManager/Info.plist;
				LD_RUNPATH_SEARCH_PATHS = "$(inherited) @executable_path/Frameworks";
				PRODUCT_BUNDLE_IDENTIFIER = fr.Thunderkerrigan.GroceriesListManager;
				PRODUCT_NAME = "$(TARGET_NAME)";
				SWIFT_VERSION = 3.0;
			};
			name = Debug;
		};
		7CD3D7371D019A340095299D /* Release */ = {
			isa = XCBuildConfiguration;
			buildSettings = {
				ASSETCATALOG_COMPILER_APPICON_NAME = AppIcon;
				INFOPLIST_FILE = GroceriesListManager/Info.plist;
				LD_RUNPATH_SEARCH_PATHS = "$(inherited) @executable_path/Frameworks";
				PRODUCT_BUNDLE_IDENTIFIER = fr.Thunderkerrigan.GroceriesListManager;
				PRODUCT_NAME = "$(TARGET_NAME)";
				SWIFT_OPTIMIZATION_LEVEL = "-Owholemodule";
				SWIFT_VERSION = 3.0;
			};
			name = Release;
		};
		7CD3D7391D019A340095299D /* Debug */ = {
			isa = XCBuildConfiguration;
			buildSettings = {
				BUNDLE_LOADER = "$(TEST_HOST)";
				INFOPLIST_FILE = GroceriesListManagerTests/Info.plist;
				LD_RUNPATH_SEARCH_PATHS = "$(inherited) @executable_path/Frameworks @loader_path/Frameworks";
				PRODUCT_BUNDLE_IDENTIFIER = fr.Thunderkerrigan.GroceriesListManagerTests;
				PRODUCT_NAME = "$(TARGET_NAME)";
				SWIFT_VERSION = 3.0;
				TEST_HOST = "$(BUILT_PRODUCTS_DIR)/GroceriesListManager.app/GroceriesListManager";
			};
			name = Debug;
		};
		7CD3D73A1D019A340095299D /* Release */ = {
			isa = XCBuildConfiguration;
			buildSettings = {
				BUNDLE_LOADER = "$(TEST_HOST)";
				INFOPLIST_FILE = GroceriesListManagerTests/Info.plist;
				LD_RUNPATH_SEARCH_PATHS = "$(inherited) @executable_path/Frameworks @loader_path/Frameworks";
				PRODUCT_BUNDLE_IDENTIFIER = fr.Thunderkerrigan.GroceriesListManagerTests;
				PRODUCT_NAME = "$(TARGET_NAME)";
				SWIFT_OPTIMIZATION_LEVEL = "-Owholemodule";
				SWIFT_VERSION = 3.0;
				TEST_HOST = "$(BUILT_PRODUCTS_DIR)/GroceriesListManager.app/GroceriesListManager";
			};
			name = Release;
		};
		7CD3D73C1D019A340095299D /* Debug */ = {
			isa = XCBuildConfiguration;
			buildSettings = {
				INFOPLIST_FILE = GroceriesListManagerUITests/Info.plist;
				LD_RUNPATH_SEARCH_PATHS = "$(inherited) @executable_path/Frameworks @loader_path/Frameworks";
				PRODUCT_BUNDLE_IDENTIFIER = fr.Thunderkerrigan.GroceriesListManagerUITests;
				PRODUCT_NAME = "$(TARGET_NAME)";
				SWIFT_VERSION = 3.0;
				TEST_TARGET_NAME = GroceriesListManager;
			};
			name = Debug;
		};
		7CD3D73D1D019A340095299D /* Release */ = {
			isa = XCBuildConfiguration;
			buildSettings = {
				INFOPLIST_FILE = GroceriesListManagerUITests/Info.plist;
				LD_RUNPATH_SEARCH_PATHS = "$(inherited) @executable_path/Frameworks @loader_path/Frameworks";
				PRODUCT_BUNDLE_IDENTIFIER = fr.Thunderkerrigan.GroceriesListManagerUITests;
				PRODUCT_NAME = "$(TARGET_NAME)";
				SWIFT_OPTIMIZATION_LEVEL = "-Owholemodule";
				SWIFT_VERSION = 3.0;
				TEST_TARGET_NAME = GroceriesListManager;
			};
			name = Release;
		};
/* End XCBuildConfiguration section */

/* Begin XCConfigurationList section */
		7CD3D7061D019A340095299D /* Build configuration list for PBXProject "GroceriesListManager" */ = {
			isa = XCConfigurationList;
			buildConfigurations = (
				7CD3D7331D019A340095299D /* Debug */,
				7CD3D7341D019A340095299D /* Release */,
			);
			defaultConfigurationIsVisible = 0;
			defaultConfigurationName = Release;
		};
		7CD3D7351D019A340095299D /* Build configuration list for PBXNativeTarget "GroceriesListManager" */ = {
			isa = XCConfigurationList;
			buildConfigurations = (
				7CD3D7361D019A340095299D /* Debug */,
				7CD3D7371D019A340095299D /* Release */,
			);
			defaultConfigurationIsVisible = 0;
			defaultConfigurationName = Release;
		};
		7CD3D7381D019A340095299D /* Build configuration list for PBXNativeTarget "GroceriesListManagerTests" */ = {
			isa = XCConfigurationList;
			buildConfigurations = (
				7CD3D7391D019A340095299D /* Debug */,
				7CD3D73A1D019A340095299D /* Release */,
			);
			defaultConfigurationIsVisible = 0;
			defaultConfigurationName = Release;
		};
		7CD3D73B1D019A340095299D /* Build configuration list for PBXNativeTarget "GroceriesListManagerUITests" */ = {
			isa = XCConfigurationList;
			buildConfigurations = (
				7CD3D73C1D019A340095299D /* Debug */,
				7CD3D73D1D019A340095299D /* Release */,
			);
			defaultConfigurationIsVisible = 0;
			defaultConfigurationName = Release;
		};
/* End XCConfigurationList section */
	};
	rootObject = 7CD3D7031D019A340095299D /* Project object */;
}
